{
  "version": 4,
  "terraform_version": "1.6.3",
  "serial": 1,
  "lineage": "9190b75f-9772-8795-3b0c-9f8f7b790c31",
  "outputs": {},
  "resources": [
    {
      "mode": "managed",
      "type": "aws_sagemaker_notebook_instance_lifecycle_configuration",
      "name": "lc",
      "provider": "provider[\"registry.terraform.io/hashicorp/aws\"]",
      "instances": [
        {
          "schema_version": 0,
          "attributes": {
            "arn": "arn:aws:sagemaker:eu-west-1:342774253254:notebook-instance-lifecycle-config/sm-notebook-autostop",
            "id": "sm-notebook-autostop",
            "name": "sm-notebook-autostop",
            "on_create": null,
            "on_start": "Li9tbC1wcm9qZWN0LXRheGktcHJlZGljdGlvbi9zY3JpcHRzL3NhZ2VtYWtlcl9pbnN0YW5jZS9zbS1hdXRvc3RvcC5zaA=="
          },
          "sensitive_attributes": [],
          "private": "bnVsbA=="
        }
      ]
    }
  ],
  "check_results": null
}
